// !$*UTF8*$!
{
	archiveVersion = 1;
	classes = {
	};
	objectVersion = 50;
	objects = {

/* Begin PBXBuildFile section */
		86B15C9E2155244000636E41 /* AppDelegate.swift in Sources */ = {isa = PBXBuildFile; fileRef = 86B15C9D2155244000636E41 /* AppDelegate.swift */; };
		86B15CA32155244100636E41 /* Main.storyboard in Resources */ = {isa = PBXBuildFile; fileRef = 86B15CA12155244100636E41 /* Main.storyboard */; };
		86B15CA52155244A00636E41 /* Assets.xcassets in Resources */ = {isa = PBXBuildFile; fileRef = 86B15CA42155244A00636E41 /* Assets.xcassets */; };
		86B15CA82155244A00636E41 /* LaunchScreen.storyboard in Resources */ = {isa = PBXBuildFile; fileRef = 86B15CA62155244A00636E41 /* LaunchScreen.storyboard */; };
		86B15CB4215528E600636E41 /* SourceViewController.swift in Sources */ = {isa = PBXBuildFile; fileRef = 86B15CB2215528E600636E41 /* SourceViewController.swift */; };
		86B15CB5215528E600636E41 /* LoadVideoViewController.swift in Sources */ = {isa = PBXBuildFile; fileRef = 86B15CB3215528E600636E41 /* LoadVideoViewController.swift */; };
		86B15CB721552BBA00636E41 /* VideoHelper.swift in Sources */ = {isa = PBXBuildFile; fileRef = 86B15CB621552BBA00636E41 /* VideoHelper.swift */; };
/* End PBXBuildFile section */

/* Begin PBXFileReference section */
		86B15C9A2155244000636E41 /* Wilf.app */ = {isa = PBXFileReference; explicitFileType = wrapper.application; includeInIndex = 0; path = Wilf.app; sourceTree = BUILT_PRODUCTS_DIR; };
		86B15C9D2155244000636E41 /* AppDelegate.swift */ = {isa = PBXFileReference; lastKnownFileType = sourcecode.swift; path = AppDelegate.swift; sourceTree = "<group>"; };
		86B15CA22155244100636E41 /* Base */ = {isa = PBXFileReference; lastKnownFileType = file.storyboard; name = Base; path = Base.lproj/Main.storyboard; sourceTree = "<group>"; };
		86B15CA42155244A00636E41 /* Assets.xcassets */ = {isa = PBXFileReference; lastKnownFileType = folder.assetcatalog; path = Assets.xcassets; sourceTree = "<group>"; };
		86B15CA72155244A00636E41 /* Base */ = {isa = PBXFileReference; lastKnownFileType = file.storyboard; name = Base; path = Base.lproj/LaunchScreen.storyboard; sourceTree = "<group>"; };
		86B15CA92155244A00636E41 /* Info.plist */ = {isa = PBXFileReference; lastKnownFileType = text.plist.xml; path = Info.plist; sourceTree = "<group>"; };
		86B15CB2215528E600636E41 /* SourceViewController.swift */ = {isa = PBXFileReference; fileEncoding = 4; lastKnownFileType = sourcecode.swift; path = SourceViewController.swift; sourceTree = "<group>"; };
		86B15CB3215528E600636E41 /* LoadVideoViewController.swift */ = {isa = PBXFileReference; fileEncoding = 4; lastKnownFileType = sourcecode.swift; path = LoadVideoViewController.swift; sourceTree = "<group>"; };
		86B15CB621552BBA00636E41 /* VideoHelper.swift */ = {isa = PBXFileReference; fileEncoding = 4; lastKnownFileType = sourcecode.swift; path = VideoHelper.swift; sourceTree = "<group>"; };
		86B15CB821553B6300636E41 /* carstest.mp4 */ = {isa = PBXFileReference; lastKnownFileType = file; path = carstest.mp4; sourceTree = "<group>"; };
/* End PBXFileReference section */

/* Begin PBXFrameworksBuildPhase section */
		86B15C972155244000636E41 /* Frameworks */ = {
			isa = PBXFrameworksBuildPhase;
			buildActionMask = 2147483647;
			files = (
			);
			runOnlyForDeploymentPostprocessing = 0;
		};
/* End PBXFrameworksBuildPhase section */

/* Begin PBXGroup section */
		86B15C912155244000636E41 = {
			isa = PBXGroup;
			children = (
				86B15C9C2155244000636E41 /* Wilf */,
				86B15C9B2155244000636E41 /* Products */,
			);
			sourceTree = "<group>";
		};
		86B15C9B2155244000636E41 /* Products */ = {
			isa = PBXGroup;
			children = (
				86B15C9A2155244000636E41 /* Wilf.app */,
			);
			name = Products;
			sourceTree = "<group>";
		};
		86B15C9C2155244000636E41 /* Wilf */ = {
			isa = PBXGroup;
			children = (
				86B15CB821553B6300636E41 /* carstest.mp4 */,
				86B15CB621552BBA00636E41 /* VideoHelper.swift */,
				86B15C9D2155244000636E41 /* AppDelegate.swift */,
				86B15CB1215528D700636E41 /* Controllers */,
				86B15CA12155244100636E41 /* Main.storyboard */,
				86B15CA42155244A00636E41 /* Assets.xcassets */,
				86B15CA62155244A00636E41 /* LaunchScreen.storyboard */,
				86B15CA92155244A00636E41 /* Info.plist */,
			);
			path = Wilf;
			sourceTree = "<group>";
		};
		86B15CB1215528D700636E41 /* Controllers */ = {
			isa = PBXGroup;
			children = (
				86B15CB3215528E600636E41 /* LoadVideoViewController.swift */,
				86B15CB2215528E600636E41 /* SourceViewController.swift */,
			);
			path = Controllers;
			sourceTree = "<group>";
		};
/* End PBXGroup section */

/* Begin PBXNativeTarget section */
		86B15C992155244000636E41 /* Wilf */ = {
			isa = PBXNativeTarget;
			buildConfigurationList = 86B15CAC2155244A00636E41 /* Build configuration list for PBXNativeTarget "Wilf" */;
			buildPhases = (
				86B15C962155244000636E41 /* Sources */,
				86B15C972155244000636E41 /* Frameworks */,
				86B15C982155244000636E41 /* Resources */,
			);
			buildRules = (
			);
			dependencies = (
			);
			name = Wilf;
			productName = Wilf;
			productReference = 86B15C9A2155244000636E41 /* Wilf.app */;
			productType = "com.apple.product-type.application";
		};
/* End PBXNativeTarget section */

/* Begin PBXProject section */
		86B15C922155244000636E41 /* Project object */ = {
			isa = PBXProject;
			attributes = {
				LastSwiftUpdateCheck = 0940;
				LastUpgradeCheck = 0940;
				ORGANIZATIONNAME = Mangesh;
				TargetAttributes = {
					86B15C992155244000636E41 = {
						CreatedOnToolsVersion = 9.4;
					};
				};
			};
			buildConfigurationList = 86B15C952155244000636E41 /* Build configuration list for PBXProject "Wilf" */;
			compatibilityVersion = "Xcode 9.3";
			developmentRegion = en;
			hasScannedForEncodings = 0;
			knownRegions = (
				en,
				Base,
			);
			mainGroup = 86B15C912155244000636E41;
			productRefGroup = 86B15C9B2155244000636E41 /* Products */;
			projectDirPath = "";
			projectRoot = "";
			targets = (
				86B15C992155244000636E41 /* Wilf */,
			);
		};
/* End PBXProject section */

/* Begin PBXResourcesBuildPhase section */
		86B15C982155244000636E41 /* Resources */ = {
			isa = PBXResourcesBuildPhase;
			buildActionMask = 2147483647;
			files = (
				86B15CA82155244A00636E41 /* LaunchScreen.storyboard in Resources */,
				86B15CA52155244A00636E41 /* Assets.xcassets in Resources */,
				86B15CA32155244100636E41 /* Main.storyboard in Resources */,
			);
			runOnlyForDeploymentPostprocessing = 0;
		};
/* End PBXResourcesBuildPhase section */

/* Begin PBXSourcesBuildPhase section */
		86B15C962155244000636E41 /* Sources */ = {
			isa = PBXSourcesBuildPhase;
			buildActionMask = 2147483647;
			files = (
				86B15CB4215528E600636E41 /* SourceViewController.swift in Sources */,
				86B15CB5215528E600636E41 /* LoadVideoViewController.swift in Sources */,
				86B15C9E2155244000636E41 /* AppDelegate.swift in Sources */,
				86B15CB721552BBA00636E41 /* VideoHelper.swift in Sources */,
			);
			runOnlyForDeploymentPostprocessing = 0;
		};
/* End PBXSourcesBuildPhase section */

/* Begin PBXVariantGroup section */
		86B15CA12155244100636E41 /* Main.storyboard */ = {
			isa = PBXVariantGroup;
			children = (
				86B15CA22155244100636E41 /* Base */,
			);
			name = Main.storyboard;
			sourceTree = "<group>";
		};
		86B15CA62155244A00636E41 /* LaunchScreen.storyboard */ = {
			isa = PBXVariantGroup;
			children = (
				86B15CA72155244A00636E41 /* Base */,
			);
			name = LaunchScreen.storyboard;
			sourceTree = "<group>";
		};
/* End PBXVariantGroup section */

/* Begin XCBuildConfiguration section */
		86B15CAA2155244A00636E41 /* Debug */ = {
			isa = XCBuildConfiguration;
			buildSettings = {
				ALWAYS_SEARCH_USER_PATHS = NO;
				CLANG_ANALYZER_NONNULL = YES;
				CLANG_ANALYZER_NUMBER_OBJECT_CONVERSION = YES_AGGRESSIVE;
				CLANG_CXX_LANGUAGE_STANDARD = "gnu++14";
				CLANG_CXX_LIBRARY = "libc++";
				CLANG_ENABLE_MODULES = YES;
				CLANG_ENABLE_OBJC_ARC = YES;
				CLANG_ENABLE_OBJC_WEAK = YES;
				CLANG_WARN_BLOCK_CAPTURE_AUTORELEASING = YES;
				CLANG_WARN_BOOL_CONVERSION = YES;
				CLANG_WARN_COMMA = YES;
				CLANG_WARN_CONSTANT_CONVERSION = YES;
				CLANG_WARN_DEPRECATED_OBJC_IMPLEMENTATIONS = YES;
				CLANG_WARN_DIRECT_OBJC_ISA_USAGE = YES_ERROR;
				CLANG_WARN_DOCUMENTATION_COMMENTS = YES;
				CLANG_WARN_EMPTY_BODY = YES;
				CLANG_WARN_ENUM_CONVERSION = YES;
				CLANG_WARN_INFINITE_RECURSION = YES;
				CLANG_WARN_INT_CONVERSION = YES;
				CLANG_WARN_NON_LITERAL_NULL_CONVERSION = YES;
				CLANG_WARN_OBJC_IMPLICIT_RETAIN_SELF = YES;
				CLANG_WARN_OBJC_LITERAL_CONVERSION = YES;
				CLANG_WARN_OBJC_ROOT_CLASS = YES_ERROR;
				CLANG_WARN_RANGE_LOOP_ANALYSIS = YES;
				CLANG_WARN_STRICT_PROTOTYPES = YES;
				CLANG_WARN_SUSPICIOUS_MOVE = YES;
				CLANG_WARN_UNGUARDED_AVAILABILITY = YES_AGGRESSIVE;
				CLANG_WARN_UNREACHABLE_CODE = YES;
				CLANG_WARN__DUPLICATE_METHOD_MATCH = YES;
				CODE_SIGN_IDENTITY = "iPhone Developer";
				COPY_PHASE_STRIP = NO;
				DEBUG_INFORMATION_FORMAT = dwarf;
				ENABLE_STRICT_OBJC_MSGSEND = YES;
				ENABLE_TESTABILITY = YES;
				GCC_C_LANGUAGE_STANDARD = gnu11;
				GCC_DYNAMIC_NO_PIC = NO;
				GCC_NO_COMMON_BLOCKS = YES;
				GCC_OPTIMIZATION_LEVEL = 0;
				GCC_PREPROCESSOR_DEFINITIONS = (
					"DEBUG=1",
					"$(inherited)",
				);
				GCC_WARN_64_TO_32_BIT_CONVERSION = YES;
				GCC_WARN_ABOUT_RETURN_TYPE = YES_ERROR;
				GCC_WARN_UNDECLARED_SELECTOR = YES;
				GCC_WARN_UNINITIALIZED_AUTOS = YES_AGGRESSIVE;
				GCC_WARN_UNUSED_FUNCTION = YES;
				GCC_WARN_UNUSED_VARIABLE = YES;
				IPHONEOS_DEPLOYMENT_TARGET = 11.4;
				MTL_ENABLE_DEBUG_INFO = YES;
				ONLY_ACTIVE_ARCH = YES;
				SDKROOT = iphoneos;
				SWIFT_ACTIVE_COMPILATION_CONDITIONS = DEBUG;
				SWIFT_OPTIMIZATION_LEVEL = "-Onone";
			};
			name = Debug;
		};
		86B15CAB2155244A00636E41 /* Release */ = {
			isa = XCBuildConfiguration;
			buildSettings = {
				ALWAYS_SEARCH_USER_PATHS = NO;
				CLANG_ANALYZER_NONNULL = YES;
				CLANG_ANALYZER_NUMBER_OBJECT_CONVERSION = YES_AGGRESSIVE;
				CLANG_CXX_LANGUAGE_STANDARD = "gnu++14";
				CLANG_CXX_LIBRARY = "libc++";
				CLANG_ENABLE_MODULES = YES;
				CLANG_ENABLE_OBJC_ARC = YES;
				CLANG_ENABLE_OBJC_WEAK = YES;
				CLANG_WARN_BLOCK_CAPTURE_AUTORELEASING = YES;
				CLANG_WARN_BOOL_CONVERSION = YES;
				CLANG_WARN_COMMA = YES;
				CLANG_WARN_CONSTANT_CONVERSION = YES;
				CLANG_WARN_DEPRECATED_OBJC_IMPLEMENTATIONS = YES;
				CLANG_WARN_DIRECT_OBJC_ISA_USAGE = YES_ERROR;
				CLANG_WARN_DOCUMENTATION_COMMENTS = YES;
				CLANG_WARN_EMPTY_BODY = YES;
				CLANG_WARN_ENUM_CONVERSION = YES;
				CLANG_WARN_INFINITE_RECURSION = YES;
				CLANG_WARN_INT_CONVERSION = YES;
				CLANG_WARN_NON_LITERAL_NULL_CONVERSION = YES;
				CLANG_WARN_OBJC_IMPLICIT_RETAIN_SELF = YES;
				CLANG_WARN_OBJC_LITERAL_CONVERSION = YES;
				CLANG_WARN_OBJC_ROOT_CLASS = YES_ERROR;
				CLANG_WARN_RANGE_LOOP_ANALYSIS = YES;
				CLANG_WARN_STRICT_PROTOTYPES = YES;
				CLANG_WARN_SUSPICIOUS_MOVE = YES;
				CLANG_WARN_UNGUARDED_AVAILABILITY = YES_AGGRESSIVE;
				CLANG_WARN_UNREACHABLE_CODE = YES;
				CLANG_WARN__DUPLICATE_METHOD_MATCH = YES;
				CODE_SIGN_IDENTITY = "iPhone Developer";
				COPY_PHASE_STRIP = NO;
				DEBUG_INFORMATION_FORMAT = "dwarf-with-dsym";
				ENABLE_NS_ASSERTIONS = NO;
				ENABLE_STRICT_OBJC_MSGSEND = YES;
				GCC_C_LANGUAGE_STANDARD = gnu11;
				GCC_NO_COMMON_BLOCKS = YES;
				GCC_WARN_64_TO_32_BIT_CONVERSION = YES;
				GCC_WARN_ABOUT_RETURN_TYPE = YES_ERROR;
				GCC_WARN_UNDECLARED_SELECTOR = YES;
				GCC_WARN_UNINITIALIZED_AUTOS = YES_AGGRESSIVE;
				GCC_WARN_UNUSED_FUNCTION = YES;
				GCC_WARN_UNUSED_VARIABLE = YES;
				IPHONEOS_DEPLOYMENT_TARGET = 11.4;
				MTL_ENABLE_DEBUG_INFO = NO;
				SDKROOT = iphoneos;
				SWIFT_COMPILATION_MODE = wholemodule;
				SWIFT_OPTIMIZATION_LEVEL = "-O";
				VALIDATE_PRODUCT = YES;
			};
			name = Release;
		};
		86B15CAD2155244A00636E41 /* Debug */ = {
			isa = XCBuildConfiguration;
			buildSettings = {
				ASSETCATALOG_COMPILER_APPICON_NAME = AppIcon;
				CODE_SIGN_STYLE = Automatic;
				DEVELOPMENT_TEAM = 982S9XL964;
				INFOPLIST_FILE = Wilf/Info.plist;
				LD_RUNPATH_SEARCH_PATHS = (
					"$(inherited)",
					"@executable_path/Frameworks",
				);
				PRODUCT_BUNDLE_IDENTIFIER = com.mangesh.Wilf;
				PRODUCT_NAME = "$(TARGET_NAME)";
				SWIFT_VERSION = 4.0;
				TARGETED_DEVICE_FAMILY = "1,2";
			};
			name = Debug;
		};
		86B15CAE2155244A00636E41 /* Release */ = {
			isa = XCBuildConfiguration;
			buildSettings = {
				ASSETCATALOG_COMPILER_APPICON_NAME = AppIcon;
				CODE_SIGN_STYLE = Automatic;
				DEVELOPMENT_TEAM = 982S9XL964;
				INFOPLIST_FILE = Wilf/Info.plist;
				LD_RUNPATH_SEARCH_PATHS = (
					"$(inherited)",
					"@executable_path/Frameworks",
				);
				PRODUCT_BUNDLE_IDENTIFIER = com.mangesh.Wilf;
				PRODUCT_NAME = "$(TARGET_NAME)";
				SWIFT_VERSION = 4.0;
				TARGETED_DEVICE_FAMILY = "1,2";
			};
			name = Release;
		};
/* End XCBuildConfiguration section */

/* Begin XCConfigurationList section */
		86B15C952155244000636E41 /* Build configuration list for PBXProject "Wilf" */ = {
			isa = XCConfigurationList;
			buildConfigurations = (
				86B15CAA2155244A00636E41 /* Debug */,
				86B15CAB2155244A00636E41 /* Release */,
			);
			defaultConfigurationIsVisible = 0;
			defaultConfigurationName = Release;
		};
		86B15CAC2155244A00636E41 /* Build configuration list for PBXNativeTarget "Wilf" */ = {
			isa = XCConfigurationList;
			buildConfigurations = (
				86B15CAD2155244A00636E41 /* Debug */,
				86B15CAE2155244A00636E41 /* Release */,
			);
			defaultConfigurationIsVisible = 0;
			defaultConfigurationName = Release;
		};
/* End XCConfigurationList section */
	};
	rootObject = 86B15C922155244000636E41 /* Project object */;
}
